// !$*UTF8*$!
{
	archiveVersion = 1;
	classes = {
	};
	objectVersion = 55;
	objects = {

/* Begin PBXBuildFile section */
		75AEEFA4294148CD005B7ABD /* AppDelegate.swift in Sources */ = {isa = PBXBuildFile; fileRef = 75AEEFA3294148CD005B7ABD /* AppDelegate.swift */; };
		75AEEFAD294148CE005B7ABD /* Assets.xcassets in Resources */ = {isa = PBXBuildFile; fileRef = 75AEEFAC294148CE005B7ABD /* Assets.xcassets */; };
		75AEEFB0294148CE005B7ABD /* LaunchScreen.storyboard in Resources */ = {isa = PBXBuildFile; fileRef = 75AEEFAE294148CE005B7ABD /* LaunchScreen.storyboard */; };
		75AEEFDD2942D683005B7ABD /* TabBarViewController.swift in Sources */ = {isa = PBXBuildFile; fileRef = 75AEEFDC2942D683005B7ABD /* TabBarViewController.swift */; };
		75AEEFDF2942DC8E005B7ABD /* ListComicsViewController.swift in Sources */ = {isa = PBXBuildFile; fileRef = 75AEEFDE2942DC8E005B7ABD /* ListComicsViewController.swift */; };
		75AEEFE12943FC32005B7ABD /* HttpRequest.swift in Sources */ = {isa = PBXBuildFile; fileRef = 75AEEFE02943FC32005B7ABD /* HttpRequest.swift */; };
		75AEEFE42943FE59005B7ABD /* UrlSessionRequest.swift in Sources */ = {isa = PBXBuildFile; fileRef = 75AEEFE32943FE59005B7ABD /* UrlSessionRequest.swift */; };
		75AEEFE629441DB9005B7ABD /* AppConfiguration.swift in Sources */ = {isa = PBXBuildFile; fileRef = 75AEEFE529441DB9005B7ABD /* AppConfiguration.swift */; };
		75AEEFE92944FEA8005B7ABD /* ListComicsService.swift in Sources */ = {isa = PBXBuildFile; fileRef = 75AEEFE82944FEA8005B7ABD /* ListComicsService.swift */; };
		75AEEFEB294500CB005B7ABD /* ComicsResult.swift in Sources */ = {isa = PBXBuildFile; fileRef = 75AEEFEA294500CB005B7ABD /* ComicsResult.swift */; };
		75AEEFED29450102005B7ABD /* Comic.swift in Sources */ = {isa = PBXBuildFile; fileRef = 75AEEFEC29450102005B7ABD /* Comic.swift */; };
		75AEEFF429452895005B7ABD /* HttpRequest.swift in Sources */ = {isa = PBXBuildFile; fileRef = 75AEEFE02943FC32005B7ABD /* HttpRequest.swift */; };
		75AEEFF729454AF9005B7ABD /* ListComicsViewModel.swift in Sources */ = {isa = PBXBuildFile; fileRef = 75AEEFF629454AF9005B7ABD /* ListComicsViewModel.swift */; };
		75AEEFF929457B82005B7ABD /* Coordinator.swift in Sources */ = {isa = PBXBuildFile; fileRef = 75AEEFF829457B82005B7ABD /* Coordinator.swift */; };
		75AEEFFC29457C7F005B7ABD /* ListComicsCoordinator.swift in Sources */ = {isa = PBXBuildFile; fileRef = 75AEEFFB29457C7F005B7ABD /* ListComicsCoordinator.swift */; };
		75AEF004294655D9005B7ABD /* ListComicsViewModelTests.swift in Sources */ = {isa = PBXBuildFile; fileRef = 75AEF003294655D9005B7ABD /* ListComicsViewModelTests.swift */; };
		75AEF00529465989005B7ABD /* ListComicsViewModel.swift in Sources */ = {isa = PBXBuildFile; fileRef = 75AEEFF629454AF9005B7ABD /* ListComicsViewModel.swift */; };
		75AEF00629465A0E005B7ABD /* ListComicsViewController.swift in Sources */ = {isa = PBXBuildFile; fileRef = 75AEEFDE2942DC8E005B7ABD /* ListComicsViewController.swift */; };
		75AEF00729465A12005B7ABD /* Comic.swift in Sources */ = {isa = PBXBuildFile; fileRef = 75AEEFEC29450102005B7ABD /* Comic.swift */; };
		75AEF00829465A14005B7ABD /* ComicsResult.swift in Sources */ = {isa = PBXBuildFile; fileRef = 75AEEFEA294500CB005B7ABD /* ComicsResult.swift */; };
		75AEF00929465A1C005B7ABD /* ListComicsService.swift in Sources */ = {isa = PBXBuildFile; fileRef = 75AEEFE82944FEA8005B7ABD /* ListComicsService.swift */; };
		75AEF00A29465A1F005B7ABD /* ListComicsCoordinator.swift in Sources */ = {isa = PBXBuildFile; fileRef = 75AEEFFB29457C7F005B7ABD /* ListComicsCoordinator.swift */; };
		75AEF00B29465A23005B7ABD /* Coordinator.swift in Sources */ = {isa = PBXBuildFile; fileRef = 75AEEFF829457B82005B7ABD /* Coordinator.swift */; };
		75AEF00C29465A27005B7ABD /* AppConfiguration.swift in Sources */ = {isa = PBXBuildFile; fileRef = 75AEEFE529441DB9005B7ABD /* AppConfiguration.swift */; };
		75AEF00D29465A2B005B7ABD /* UrlSessionRequest.swift in Sources */ = {isa = PBXBuildFile; fileRef = 75AEEFE32943FE59005B7ABD /* UrlSessionRequest.swift */; };
		75AEF00E29465A2F005B7ABD /* TabBarViewController.swift in Sources */ = {isa = PBXBuildFile; fileRef = 75AEEFDC2942D683005B7ABD /* TabBarViewController.swift */; };
		75AEF013294663B2005B7ABD /* ComicResult.json in Resources */ = {isa = PBXBuildFile; fileRef = 75AEF012294663B2005B7ABD /* ComicResult.json */; };
		75AEF01429466846005B7ABD /* ComicResult.json in Resources */ = {isa = PBXBuildFile; fileRef = 75AEF012294663B2005B7ABD /* ComicResult.json */; };
		75AEF01F29467C55005B7ABD /* Default.strings in Resources */ = {isa = PBXBuildFile; fileRef = 75AEF01E29467C55005B7ABD /* Default.strings */; };
		75AEF02029467C55005B7ABD /* Default.strings in Resources */ = {isa = PBXBuildFile; fileRef = 75AEF01E29467C55005B7ABD /* Default.strings */; };
		75AEF02229467D6E005B7ABD /* Str.swift in Sources */ = {isa = PBXBuildFile; fileRef = 75AEF02129467D6E005B7ABD /* Str.swift */; };
		75AEF02329467D6E005B7ABD /* Str.swift in Sources */ = {isa = PBXBuildFile; fileRef = 75AEF02129467D6E005B7ABD /* Str.swift */; };
		75AEF02529468A42005B7ABD /* ComicsListView.swift in Sources */ = {isa = PBXBuildFile; fileRef = 75AEF02429468A42005B7ABD /* ComicsListView.swift */; };
		75AEF02629468A42005B7ABD /* ComicsListView.swift in Sources */ = {isa = PBXBuildFile; fileRef = 75AEF02429468A42005B7ABD /* ComicsListView.swift */; };
		75AEF028294697A7005B7ABD /* ComicsCollectionViewCell.swift in Sources */ = {isa = PBXBuildFile; fileRef = 75AEF027294697A7005B7ABD /* ComicsCollectionViewCell.swift */; };
		75AEF029294697A7005B7ABD /* ComicsCollectionViewCell.swift in Sources */ = {isa = PBXBuildFile; fileRef = 75AEF027294697A7005B7ABD /* ComicsCollectionViewCell.swift */; };
		75BE29F72946AAA0007F0EDB /* CustomImageView.swift in Sources */ = {isa = PBXBuildFile; fileRef = 75BE29F62946AAA0007F0EDB /* CustomImageView.swift */; };
		75BE29F82946AAA0007F0EDB /* CustomImageView.swift in Sources */ = {isa = PBXBuildFile; fileRef = 75BE29F62946AAA0007F0EDB /* CustomImageView.swift */; };
		75BE29FD2946E6A6007F0EDB /* ComicDetailViewController.swift in Sources */ = {isa = PBXBuildFile; fileRef = 75BE29FC2946E6A6007F0EDB /* ComicDetailViewController.swift */; };
		75BE29FE2946E6A6007F0EDB /* ComicDetailViewController.swift in Sources */ = {isa = PBXBuildFile; fileRef = 75BE29FC2946E6A6007F0EDB /* ComicDetailViewController.swift */; };
		75BE2A002946E6C2007F0EDB /* ComicDetailViewModel.swift in Sources */ = {isa = PBXBuildFile; fileRef = 75BE29FF2946E6C2007F0EDB /* ComicDetailViewModel.swift */; };
		75BE2A012946E6C2007F0EDB /* ComicDetailViewModel.swift in Sources */ = {isa = PBXBuildFile; fileRef = 75BE29FF2946E6C2007F0EDB /* ComicDetailViewModel.swift */; };
		75BE2A0429473CCE007F0EDB /* ChartCoordinator.swift in Sources */ = {isa = PBXBuildFile; fileRef = 75BE2A0329473CCE007F0EDB /* ChartCoordinator.swift */; };
		75BE2A0529473CCE007F0EDB /* ChartCoordinator.swift in Sources */ = {isa = PBXBuildFile; fileRef = 75BE2A0329473CCE007F0EDB /* ChartCoordinator.swift */; };
/* End PBXBuildFile section */

/* Begin PBXContainerItemProxy section */
		75AEEFB7294148CE005B7ABD /* PBXContainerItemProxy */ = {
			isa = PBXContainerItemProxy;
			containerPortal = 75AEEF98294148CD005B7ABD /* Project object */;
			proxyType = 1;
			remoteGlobalIDString = 75AEEF9F294148CD005B7ABD;
			remoteInfo = "marvel-comics";
		};
/* End PBXContainerItemProxy section */

/* Begin PBXFileReference section */
		75AEEFA0294148CD005B7ABD /* marvel-comics.app */ = {isa = PBXFileReference; explicitFileType = wrapper.application; includeInIndex = 0; path = "marvel-comics.app"; sourceTree = BUILT_PRODUCTS_DIR; };
		75AEEFA3294148CD005B7ABD /* AppDelegate.swift */ = {isa = PBXFileReference; lastKnownFileType = sourcecode.swift; path = AppDelegate.swift; sourceTree = "<group>"; };
		75AEEFAC294148CE005B7ABD /* Assets.xcassets */ = {isa = PBXFileReference; lastKnownFileType = folder.assetcatalog; path = Assets.xcassets; sourceTree = "<group>"; };
		75AEEFAF294148CE005B7ABD /* Base */ = {isa = PBXFileReference; lastKnownFileType = file.storyboard; name = Base; path = Base.lproj/LaunchScreen.storyboard; sourceTree = "<group>"; };
		75AEEFB1294148CE005B7ABD /* Info.plist */ = {isa = PBXFileReference; lastKnownFileType = text.plist.xml; path = Info.plist; sourceTree = "<group>"; };
		75AEEFB6294148CE005B7ABD /* marvel-comicsTests.xctest */ = {isa = PBXFileReference; explicitFileType = wrapper.cfbundle; includeInIndex = 0; path = "marvel-comicsTests.xctest"; sourceTree = BUILT_PRODUCTS_DIR; };
		75AEEFDC2942D683005B7ABD /* TabBarViewController.swift */ = {isa = PBXFileReference; lastKnownFileType = sourcecode.swift; path = TabBarViewController.swift; sourceTree = "<group>"; };
		75AEEFDE2942DC8E005B7ABD /* ListComicsViewController.swift */ = {isa = PBXFileReference; lastKnownFileType = sourcecode.swift; path = ListComicsViewController.swift; sourceTree = "<group>"; };
		75AEEFE02943FC32005B7ABD /* HttpRequest.swift */ = {isa = PBXFileReference; lastKnownFileType = sourcecode.swift; path = HttpRequest.swift; sourceTree = "<group>"; };
		75AEEFE32943FE59005B7ABD /* UrlSessionRequest.swift */ = {isa = PBXFileReference; lastKnownFileType = sourcecode.swift; path = UrlSessionRequest.swift; sourceTree = "<group>"; };
		75AEEFE529441DB9005B7ABD /* AppConfiguration.swift */ = {isa = PBXFileReference; lastKnownFileType = sourcecode.swift; path = AppConfiguration.swift; sourceTree = "<group>"; };
		75AEEFE82944FEA8005B7ABD /* ListComicsService.swift */ = {isa = PBXFileReference; lastKnownFileType = sourcecode.swift; path = ListComicsService.swift; sourceTree = "<group>"; };
		75AEEFEA294500CB005B7ABD /* ComicsResult.swift */ = {isa = PBXFileReference; lastKnownFileType = sourcecode.swift; path = ComicsResult.swift; sourceTree = "<group>"; };
		75AEEFEC29450102005B7ABD /* Comic.swift */ = {isa = PBXFileReference; lastKnownFileType = sourcecode.swift; path = Comic.swift; sourceTree = "<group>"; };
		75AEEFF629454AF9005B7ABD /* ListComicsViewModel.swift */ = {isa = PBXFileReference; lastKnownFileType = sourcecode.swift; path = ListComicsViewModel.swift; sourceTree = "<group>"; };
		75AEEFF829457B82005B7ABD /* Coordinator.swift */ = {isa = PBXFileReference; lastKnownFileType = sourcecode.swift; path = Coordinator.swift; sourceTree = "<group>"; };
		75AEEFFB29457C7F005B7ABD /* ListComicsCoordinator.swift */ = {isa = PBXFileReference; lastKnownFileType = sourcecode.swift; path = ListComicsCoordinator.swift; sourceTree = "<group>"; };
		75AEF003294655D9005B7ABD /* ListComicsViewModelTests.swift */ = {isa = PBXFileReference; lastKnownFileType = sourcecode.swift; path = ListComicsViewModelTests.swift; sourceTree = "<group>"; };
		75AEF012294663B2005B7ABD /* ComicResult.json */ = {isa = PBXFileReference; fileEncoding = 4; lastKnownFileType = text.json; path = ComicResult.json; sourceTree = "<group>"; };
		75AEF01E29467C55005B7ABD /* Default.strings */ = {isa = PBXFileReference; lastKnownFileType = text.plist.strings; path = Default.strings; sourceTree = "<group>"; };
		75AEF02129467D6E005B7ABD /* Str.swift */ = {isa = PBXFileReference; lastKnownFileType = sourcecode.swift; path = Str.swift; sourceTree = "<group>"; };
		75AEF02429468A42005B7ABD /* ComicsListView.swift */ = {isa = PBXFileReference; lastKnownFileType = sourcecode.swift; path = ComicsListView.swift; sourceTree = "<group>"; };
		75AEF027294697A7005B7ABD /* ComicsCollectionViewCell.swift */ = {isa = PBXFileReference; lastKnownFileType = sourcecode.swift; path = ComicsCollectionViewCell.swift; sourceTree = "<group>"; };
		75BE29F62946AAA0007F0EDB /* CustomImageView.swift */ = {isa = PBXFileReference; lastKnownFileType = sourcecode.swift; path = CustomImageView.swift; sourceTree = "<group>"; };
		75BE29FC2946E6A6007F0EDB /* ComicDetailViewController.swift */ = {isa = PBXFileReference; lastKnownFileType = sourcecode.swift; path = ComicDetailViewController.swift; sourceTree = "<group>"; };
		75BE29FF2946E6C2007F0EDB /* ComicDetailViewModel.swift */ = {isa = PBXFileReference; lastKnownFileType = sourcecode.swift; path = ComicDetailViewModel.swift; sourceTree = "<group>"; };
		75BE2A0329473CCE007F0EDB /* ChartCoordinator.swift */ = {isa = PBXFileReference; lastKnownFileType = sourcecode.swift; path = ChartCoordinator.swift; sourceTree = "<group>"; };
/* End PBXFileReference section */

/* Begin PBXFrameworksBuildPhase section */
		75AEEF9D294148CD005B7ABD /* Frameworks */ = {
			isa = PBXFrameworksBuildPhase;
			buildActionMask = 2147483647;
			files = (
			);
			runOnlyForDeploymentPostprocessing = 0;
		};
		75AEEFB3294148CE005B7ABD /* Frameworks */ = {
			isa = PBXFrameworksBuildPhase;
			buildActionMask = 2147483647;
			files = (
			);
			runOnlyForDeploymentPostprocessing = 0;
		};
/* End PBXFrameworksBuildPhase section */

/* Begin PBXGroup section */
		75AEEF97294148CD005B7ABD = {
			isa = PBXGroup;
			children = (
				75AEEFA2294148CD005B7ABD /* marvel-comics */,
				75AEEFB9294148CE005B7ABD /* marvel-comicsTests */,
				75AEEFA1294148CD005B7ABD /* Products */,
			);
			sourceTree = "<group>";
		};
		75AEEFA1294148CD005B7ABD /* Products */ = {
			isa = PBXGroup;
			children = (
				75AEEFA0294148CD005B7ABD /* marvel-comics.app */,
				75AEEFB6294148CE005B7ABD /* marvel-comicsTests.xctest */,
			);
			name = Products;
			sourceTree = "<group>";
		};
		75AEEFA2294148CD005B7ABD /* marvel-comics */ = {
			isa = PBXGroup;
			children = (
				75AEEFD92942C3F7005B7ABD /* Tools */,
				75AEEFDA2942C432005B7ABD /* Features */,
				75AEEFD32941558D005B7ABD /* SupportFiles */,
			);
			path = "marvel-comics";
			sourceTree = "<group>";
		};
		75AEEFB9294148CE005B7ABD /* marvel-comicsTests */ = {
			isa = PBXGroup;
			children = (
				75AEF01129466326005B7ABD /* JsonMockFiles */,
				75AEEFEE294517CE005B7ABD /* Features */,
			);
			path = "marvel-comicsTests";
			sourceTree = "<group>";
		};
		75AEEFD32941558D005B7ABD /* SupportFiles */ = {
			isa = PBXGroup;
			children = (
				75AEF01D29467C39005B7ABD /* Strings */,
				75AEEFA3294148CD005B7ABD /* AppDelegate.swift */,
				75AEEFAE294148CE005B7ABD /* LaunchScreen.storyboard */,
				75AEEFAC294148CE005B7ABD /* Assets.xcassets */,
				75AEEFB1294148CE005B7ABD /* Info.plist */,
			);
			path = SupportFiles;
			sourceTree = "<group>";
		};
		75AEEFD4294160E3005B7ABD /* Controllers */ = {
			isa = PBXGroup;
			children = (
				75AEEFDE2942DC8E005B7ABD /* ListComicsViewController.swift */,
			);
			path = Controllers;
			sourceTree = "<group>";
		};
		75AEEFD5294160F8005B7ABD /* Models */ = {
			isa = PBXGroup;
			children = (
				75AEEFEA294500CB005B7ABD /* ComicsResult.swift */,
				75AEEFEC29450102005B7ABD /* Comic.swift */,
			);
			path = Models;
			sourceTree = "<group>";
		};
		75AEEFD6294160FF005B7ABD /* ViewModels */ = {
			isa = PBXGroup;
			children = (
				75AEEFF629454AF9005B7ABD /* ListComicsViewModel.swift */,
			);
			path = ViewModels;
			sourceTree = "<group>";
		};
		75AEEFD7294161AB005B7ABD /* Views */ = {
			isa = PBXGroup;
			children = (
				75AEF02429468A42005B7ABD /* ComicsListView.swift */,
				75AEF027294697A7005B7ABD /* ComicsCollectionViewCell.swift */,
			);
			path = Views;
			sourceTree = "<group>";
		};
		75AEEFD92942C3F7005B7ABD /* Tools */ = {
			isa = PBXGroup;
			children = (
				75AEEFDC2942D683005B7ABD /* TabBarViewController.swift */,
				75AEEFE22943FE01005B7ABD /* Service */,
				75AEEFE529441DB9005B7ABD /* AppConfiguration.swift */,
				75AEEFF829457B82005B7ABD /* Coordinator.swift */,
				75BE29F62946AAA0007F0EDB /* CustomImageView.swift */,
			);
			path = Tools;
			sourceTree = "<group>";
		};
		75AEEFDA2942C432005B7ABD /* Features */ = {
			isa = PBXGroup;
			children = (
				75BE2A0229473CAA007F0EDB /* Chart */,
				75AEEFDB2942CE9B005B7ABD /* ListComics */,
			);
			path = Features;
			sourceTree = "<group>";
		};
		75AEEFDB2942CE9B005B7ABD /* ListComics */ = {
			isa = PBXGroup;
			children = (
				75AEEFFB29457C7F005B7ABD /* ListComicsCoordinator.swift */,
				75BE29F92946E61A007F0EDB /* ComicDetail */,
				75AEEFFE29457CB8005B7ABD /* ListComics */,
			);
			path = ListComics;
			sourceTree = "<group>";
		};
		75AEEFE22943FE01005B7ABD /* Service */ = {
			isa = PBXGroup;
			children = (
				75AEEFE02943FC32005B7ABD /* HttpRequest.swift */,
				75AEEFE32943FE59005B7ABD /* UrlSessionRequest.swift */,
			);
			path = Service;
			sourceTree = "<group>";
		};
		75AEEFE72944FE87005B7ABD /* Services */ = {
			isa = PBXGroup;
			children = (
				75AEEFE82944FEA8005B7ABD /* ListComicsService.swift */,
			);
			path = Services;
			sourceTree = "<group>";
		};
		75AEEFEE294517CE005B7ABD /* Features */ = {
			isa = PBXGroup;
			children = (
				75AEF0012946559D005B7ABD /* ListComics */,
			);
			path = Features;
			sourceTree = "<group>";
		};
		75AEEFFE29457CB8005B7ABD /* ListComics */ = {
			isa = PBXGroup;
			children = (
				75AEEFE72944FE87005B7ABD /* Services */,
				75AEEFD7294161AB005B7ABD /* Views */,
				75AEEFD6294160FF005B7ABD /* ViewModels */,
				75AEEFD5294160F8005B7ABD /* Models */,
				75AEEFD4294160E3005B7ABD /* Controllers */,
			);
			path = ListComics;
			sourceTree = "<group>";
		};
		75AEF0012946559D005B7ABD /* ListComics */ = {
			isa = PBXGroup;
			children = (
				75AEF002294655B6005B7ABD /* ViewModels */,
			);
			path = ListComics;
			sourceTree = "<group>";
		};
		75AEF002294655B6005B7ABD /* ViewModels */ = {
			isa = PBXGroup;
			children = (
				75AEF003294655D9005B7ABD /* ListComicsViewModelTests.swift */,
			);
			path = ViewModels;
			sourceTree = "<group>";
		};
		75AEF01129466326005B7ABD /* JsonMockFiles */ = {
			isa = PBXGroup;
			children = (
				75AEF012294663B2005B7ABD /* ComicResult.json */,
			);
			path = JsonMockFiles;
			sourceTree = "<group>";
		};
		75AEF01D29467C39005B7ABD /* Strings */ = {
			isa = PBXGroup;
			children = (
				75AEF01E29467C55005B7ABD /* Default.strings */,
				75AEF02129467D6E005B7ABD /* Str.swift */,
			);
			path = Strings;
			sourceTree = "<group>";
		};
		75BE29F92946E61A007F0EDB /* ComicDetail */ = {
			isa = PBXGroup;
			children = (
				75BE29FB2946E672007F0EDB /* ViewModels */,
				75BE29FA2946E666007F0EDB /* Controllers */,
			);
			path = ComicDetail;
			sourceTree = "<group>";
		};
		75BE29FA2946E666007F0EDB /* Controllers */ = {
			isa = PBXGroup;
			children = (
				75BE29FC2946E6A6007F0EDB /* ComicDetailViewController.swift */,
			);
			path = Controllers;
			sourceTree = "<group>";
		};
		75BE29FB2946E672007F0EDB /* ViewModels */ = {
			isa = PBXGroup;
			children = (
				75BE29FF2946E6C2007F0EDB /* ComicDetailViewModel.swift */,
			);
			path = ViewModels;
			sourceTree = "<group>";
		};
		75BE2A0229473CAA007F0EDB /* Chart */ = {
			isa = PBXGroup;
			children = (
				75BE2A0329473CCE007F0EDB /* ChartCoordinator.swift */,
			);
			path = Chart;
			sourceTree = "<group>";
		};
/* End PBXGroup section */

/* Begin PBXNativeTarget section */
		75AEEF9F294148CD005B7ABD /* marvel-comics */ = {
			isa = PBXNativeTarget;
			buildConfigurationList = 75AEEFCA294148CE005B7ABD /* Build configuration list for PBXNativeTarget "marvel-comics" */;
			buildPhases = (
				75AEEF9C294148CD005B7ABD /* Sources */,
				75AEEF9D294148CD005B7ABD /* Frameworks */,
				75AEEF9E294148CD005B7ABD /* Resources */,
			);
			buildRules = (
			);
			dependencies = (
			);
			name = "marvel-comics";
			productName = "marvel-comics";
			productReference = 75AEEFA0294148CD005B7ABD /* marvel-comics.app */;
			productType = "com.apple.product-type.application";
		};
		75AEEFB5294148CE005B7ABD /* marvel-comicsTests */ = {
			isa = PBXNativeTarget;
			buildConfigurationList = 75AEEFCD294148CE005B7ABD /* Build configuration list for PBXNativeTarget "marvel-comicsTests" */;
			buildPhases = (
				75AEEFB2294148CE005B7ABD /* Sources */,
				75AEEFB3294148CE005B7ABD /* Frameworks */,
				75AEEFB4294148CE005B7ABD /* Resources */,
			);
			buildRules = (
			);
			dependencies = (
				75AEEFB8294148CE005B7ABD /* PBXTargetDependency */,
			);
			name = "marvel-comicsTests";
			productName = "marvel-comicsTests";
			productReference = 75AEEFB6294148CE005B7ABD /* marvel-comicsTests.xctest */;
			productType = "com.apple.product-type.bundle.unit-test";
		};
/* End PBXNativeTarget section */

/* Begin PBXProject section */
		75AEEF98294148CD005B7ABD /* Project object */ = {
			isa = PBXProject;
			attributes = {
				BuildIndependentTargetsInParallel = 1;
				LastSwiftUpdateCheck = 1340;
				LastUpgradeCheck = 1340;
				TargetAttributes = {
					75AEEF9F294148CD005B7ABD = {
						CreatedOnToolsVersion = 13.4.1;
					};
					75AEEFB5294148CE005B7ABD = {
						CreatedOnToolsVersion = 13.4.1;
						TestTargetID = 75AEEF9F294148CD005B7ABD;
					};
				};
			};
			buildConfigurationList = 75AEEF9B294148CD005B7ABD /* Build configuration list for PBXProject "marvel-comics" */;
			compatibilityVersion = "Xcode 13.0";
			developmentRegion = en;
			hasScannedForEncodings = 0;
			knownRegions = (
				en,
				Base,
			);
			mainGroup = 75AEEF97294148CD005B7ABD;
			productRefGroup = 75AEEFA1294148CD005B7ABD /* Products */;
			projectDirPath = "";
			projectRoot = "";
			targets = (
				75AEEF9F294148CD005B7ABD /* marvel-comics */,
				75AEEFB5294148CE005B7ABD /* marvel-comicsTests */,
			);
		};
/* End PBXProject section */

/* Begin PBXResourcesBuildPhase section */
		75AEEF9E294148CD005B7ABD /* Resources */ = {
			isa = PBXResourcesBuildPhase;
			buildActionMask = 2147483647;
			files = (
				75AEF01F29467C55005B7ABD /* Default.strings in Resources */,
				75AEEFB0294148CE005B7ABD /* LaunchScreen.storyboard in Resources */,
				75AEEFAD294148CE005B7ABD /* Assets.xcassets in Resources */,
				75AEF01429466846005B7ABD /* ComicResult.json in Resources */,
			);
			runOnlyForDeploymentPostprocessing = 0;
		};
		75AEEFB4294148CE005B7ABD /* Resources */ = {
			isa = PBXResourcesBuildPhase;
			buildActionMask = 2147483647;
			files = (
				75AEF02029467C55005B7ABD /* Default.strings in Resources */,
				75AEF013294663B2005B7ABD /* ComicResult.json in Resources */,
			);
			runOnlyForDeploymentPostprocessing = 0;
		};
/* End PBXResourcesBuildPhase section */

/* Begin PBXSourcesBuildPhase section */
		75AEEF9C294148CD005B7ABD /* Sources */ = {
			isa = PBXSourcesBuildPhase;
			buildActionMask = 2147483647;
			files = (
				75AEEFFC29457C7F005B7ABD /* ListComicsCoordinator.swift in Sources */,
				75AEF02229467D6E005B7ABD /* Str.swift in Sources */,
				75AEEFE629441DB9005B7ABD /* AppConfiguration.swift in Sources */,
				75AEEFDD2942D683005B7ABD /* TabBarViewController.swift in Sources */,
				75BE2A0429473CCE007F0EDB /* ChartCoordinator.swift in Sources */,
				75AEEFEB294500CB005B7ABD /* ComicsResult.swift in Sources */,
				75AEEFE92944FEA8005B7ABD /* ListComicsService.swift in Sources */,
				75AEF02529468A42005B7ABD /* ComicsListView.swift in Sources */,
				75BE29FD2946E6A6007F0EDB /* ComicDetailViewController.swift in Sources */,
				75AEEFE12943FC32005B7ABD /* HttpRequest.swift in Sources */,
				75BE2A002946E6C2007F0EDB /* ComicDetailViewModel.swift in Sources */,
				75AEF028294697A7005B7ABD /* ComicsCollectionViewCell.swift in Sources */,
				75BE29F72946AAA0007F0EDB /* CustomImageView.swift in Sources */,
				75AEEFDF2942DC8E005B7ABD /* ListComicsViewController.swift in Sources */,
				75AEEFF929457B82005B7ABD /* Coordinator.swift in Sources */,
				75AEEFE42943FE59005B7ABD /* UrlSessionRequest.swift in Sources */,
				75AEEFED29450102005B7ABD /* Comic.swift in Sources */,
				75AEEFF729454AF9005B7ABD /* ListComicsViewModel.swift in Sources */,
				75AEEFA4294148CD005B7ABD /* AppDelegate.swift in Sources */,
			);
			runOnlyForDeploymentPostprocessing = 0;
		};
		75AEEFB2294148CE005B7ABD /* Sources */ = {
			isa = PBXSourcesBuildPhase;
			buildActionMask = 2147483647;
			files = (
				75AEF00529465989005B7ABD /* ListComicsViewModel.swift in Sources */,
				75AEF02329467D6E005B7ABD /* Str.swift in Sources */,
				75AEF004294655D9005B7ABD /* ListComicsViewModelTests.swift in Sources */,
				75AEF00929465A1C005B7ABD /* ListComicsService.swift in Sources */,
				75BE2A0529473CCE007F0EDB /* ChartCoordinator.swift in Sources */,
				75AEF00829465A14005B7ABD /* ComicsResult.swift in Sources */,
				75AEF00E29465A2F005B7ABD /* TabBarViewController.swift in Sources */,
				75AEF02629468A42005B7ABD /* ComicsListView.swift in Sources */,
				75BE29FE2946E6A6007F0EDB /* ComicDetailViewController.swift in Sources */,
				75AEF00A29465A1F005B7ABD /* ListComicsCoordinator.swift in Sources */,
				75BE2A012946E6C2007F0EDB /* ComicDetailViewModel.swift in Sources */,
				75AEF029294697A7005B7ABD /* ComicsCollectionViewCell.swift in Sources */,
				75BE29F82946AAA0007F0EDB /* CustomImageView.swift in Sources */,
				75AEF00729465A12005B7ABD /* Comic.swift in Sources */,
				75AEF00C29465A27005B7ABD /* AppConfiguration.swift in Sources */,
				75AEF00629465A0E005B7ABD /* ListComicsViewController.swift in Sources */,
				75AEF00D29465A2B005B7ABD /* UrlSessionRequest.swift in Sources */,
				75AEEFF429452895005B7ABD /* HttpRequest.swift in Sources */,
				75AEF00B29465A23005B7ABD /* Coordinator.swift in Sources */,
			);
			runOnlyForDeploymentPostprocessing = 0;
		};
/* End PBXSourcesBuildPhase section */

/* Begin PBXTargetDependency section */
		75AEEFB8294148CE005B7ABD /* PBXTargetDependency */ = {
			isa = PBXTargetDependency;
			target = 75AEEF9F294148CD005B7ABD /* marvel-comics */;
			targetProxy = 75AEEFB7294148CE005B7ABD /* PBXContainerItemProxy */;
		};
/* End PBXTargetDependency section */

/* Begin PBXVariantGroup section */
		75AEEFAE294148CE005B7ABD /* LaunchScreen.storyboard */ = {
			isa = PBXVariantGroup;
			children = (
				75AEEFAF294148CE005B7ABD /* Base */,
			);
			name = LaunchScreen.storyboard;
			sourceTree = "<group>";
		};
/* End PBXVariantGroup section */

/* Begin XCBuildConfiguration section */
		75AEEFC8294148CE005B7ABD /* Debug */ = {
			isa = XCBuildConfiguration;
			buildSettings = {
				ALWAYS_SEARCH_USER_PATHS = NO;
				CLANG_ANALYZER_NONNULL = YES;
				CLANG_ANALYZER_NUMBER_OBJECT_CONVERSION = YES_AGGRESSIVE;
				CLANG_CXX_LANGUAGE_STANDARD = "gnu++17";
				CLANG_ENABLE_MODULES = YES;
				CLANG_ENABLE_OBJC_ARC = YES;
				CLANG_ENABLE_OBJC_WEAK = YES;
				CLANG_WARN_BLOCK_CAPTURE_AUTORELEASING = YES;
				CLANG_WARN_BOOL_CONVERSION = YES;
				CLANG_WARN_COMMA = YES;
				CLANG_WARN_CONSTANT_CONVERSION = YES;
				CLANG_WARN_DEPRECATED_OBJC_IMPLEMENTATIONS = YES;
				CLANG_WARN_DIRECT_OBJC_ISA_USAGE = YES_ERROR;
				CLANG_WARN_DOCUMENTATION_COMMENTS = YES;
				CLANG_WARN_EMPTY_BODY = YES;
				CLANG_WARN_ENUM_CONVERSION = YES;
				CLANG_WARN_INFINITE_RECURSION = YES;
				CLANG_WARN_INT_CONVERSION = YES;
				CLANG_WARN_NON_LITERAL_NULL_CONVERSION = YES;
				CLANG_WARN_OBJC_IMPLICIT_RETAIN_SELF = YES;
				CLANG_WARN_OBJC_LITERAL_CONVERSION = YES;
				CLANG_WARN_OBJC_ROOT_CLASS = YES_ERROR;
				CLANG_WARN_QUOTED_INCLUDE_IN_FRAMEWORK_HEADER = YES;
				CLANG_WARN_RANGE_LOOP_ANALYSIS = YES;
				CLANG_WARN_STRICT_PROTOTYPES = YES;
				CLANG_WARN_SUSPICIOUS_MOVE = YES;
				CLANG_WARN_UNGUARDED_AVAILABILITY = YES_AGGRESSIVE;
				CLANG_WARN_UNREACHABLE_CODE = YES;
				CLANG_WARN__DUPLICATE_METHOD_MATCH = YES;
				COPY_PHASE_STRIP = NO;
				DEBUG_INFORMATION_FORMAT = dwarf;
				ENABLE_STRICT_OBJC_MSGSEND = YES;
				ENABLE_TESTABILITY = YES;
				GCC_C_LANGUAGE_STANDARD = gnu11;
				GCC_DYNAMIC_NO_PIC = NO;
				GCC_NO_COMMON_BLOCKS = YES;
				GCC_OPTIMIZATION_LEVEL = 0;
				GCC_PREPROCESSOR_DEFINITIONS = (
					"DEBUG=1",
					"$(inherited)",
				);
				GCC_WARN_64_TO_32_BIT_CONVERSION = YES;
				GCC_WARN_ABOUT_RETURN_TYPE = YES_ERROR;
				GCC_WARN_UNDECLARED_SELECTOR = YES;
				GCC_WARN_UNINITIALIZED_AUTOS = YES_AGGRESSIVE;
				GCC_WARN_UNUSED_FUNCTION = YES;
				GCC_WARN_UNUSED_VARIABLE = YES;
				IPHONEOS_DEPLOYMENT_TARGET = 13.0;
				MTL_ENABLE_DEBUG_INFO = INCLUDE_SOURCE;
				MTL_FAST_MATH = YES;
				ONLY_ACTIVE_ARCH = YES;
				SDKROOT = iphoneos;
				SWIFT_ACTIVE_COMPILATION_CONDITIONS = DEBUG;
				SWIFT_OPTIMIZATION_LEVEL = "-Onone";
			};
			name = Debug;
		};
		75AEEFC9294148CE005B7ABD /* Release */ = {
			isa = XCBuildConfiguration;
			buildSettings = {
				ALWAYS_SEARCH_USER_PATHS = NO;
				CLANG_ANALYZER_NONNULL = YES;
				CLANG_ANALYZER_NUMBER_OBJECT_CONVERSION = YES_AGGRESSIVE;
				CLANG_CXX_LANGUAGE_STANDARD = "gnu++17";
				CLANG_ENABLE_MODULES = YES;
				CLANG_ENABLE_OBJC_ARC = YES;
				CLANG_ENABLE_OBJC_WEAK = YES;
				CLANG_WARN_BLOCK_CAPTURE_AUTORELEASING = YES;
				CLANG_WARN_BOOL_CONVERSION = YES;
				CLANG_WARN_COMMA = YES;
				CLANG_WARN_CONSTANT_CONVERSION = YES;
				CLANG_WARN_DEPRECATED_OBJC_IMPLEMENTATIONS = YES;
				CLANG_WARN_DIRECT_OBJC_ISA_USAGE = YES_ERROR;
				CLANG_WARN_DOCUMENTATION_COMMENTS = YES;
				CLANG_WARN_EMPTY_BODY = YES;
				CLANG_WARN_ENUM_CONVERSION = YES;
				CLANG_WARN_INFINITE_RECURSION = YES;
				CLANG_WARN_INT_CONVERSION = YES;
				CLANG_WARN_NON_LITERAL_NULL_CONVERSION = YES;
				CLANG_WARN_OBJC_IMPLICIT_RETAIN_SELF = YES;
				CLANG_WARN_OBJC_LITERAL_CONVERSION = YES;
				CLANG_WARN_OBJC_ROOT_CLASS = YES_ERROR;
				CLANG_WARN_QUOTED_INCLUDE_IN_FRAMEWORK_HEADER = YES;
				CLANG_WARN_RANGE_LOOP_ANALYSIS = YES;
				CLANG_WARN_STRICT_PROTOTYPES = YES;
				CLANG_WARN_SUSPICIOUS_MOVE = YES;
				CLANG_WARN_UNGUARDED_AVAILABILITY = YES_AGGRESSIVE;
				CLANG_WARN_UNREACHABLE_CODE = YES;
				CLANG_WARN__DUPLICATE_METHOD_MATCH = YES;
				COPY_PHASE_STRIP = NO;
				DEBUG_INFORMATION_FORMAT = "dwarf-with-dsym";
				ENABLE_NS_ASSERTIONS = NO;
				ENABLE_STRICT_OBJC_MSGSEND = YES;
				GCC_C_LANGUAGE_STANDARD = gnu11;
				GCC_NO_COMMON_BLOCKS = YES;
				GCC_WARN_64_TO_32_BIT_CONVERSION = YES;
				GCC_WARN_ABOUT_RETURN_TYPE = YES_ERROR;
				GCC_WARN_UNDECLARED_SELECTOR = YES;
				GCC_WARN_UNINITIALIZED_AUTOS = YES_AGGRESSIVE;
				GCC_WARN_UNUSED_FUNCTION = YES;
				GCC_WARN_UNUSED_VARIABLE = YES;
				IPHONEOS_DEPLOYMENT_TARGET = 13.0;
				MTL_ENABLE_DEBUG_INFO = NO;
				MTL_FAST_MATH = YES;
				SDKROOT = iphoneos;
				SWIFT_COMPILATION_MODE = wholemodule;
				SWIFT_OPTIMIZATION_LEVEL = "-O";
				VALIDATE_PRODUCT = YES;
			};
			name = Release;
		};
		75AEEFCB294148CE005B7ABD /* Debug */ = {
			isa = XCBuildConfiguration;
			buildSettings = {
				ASSETCATALOG_COMPILER_APPICON_NAME = AppIcon;
				ASSETCATALOG_COMPILER_GLOBAL_ACCENT_COLOR_NAME = AccentColor;
				CODE_SIGN_STYLE = Automatic;
				CURRENT_PROJECT_VERSION = 1;
				DEVELOPMENT_TEAM = 8KR33X63ZD;
				GENERATE_INFOPLIST_FILE = YES;
				INFOPLIST_FILE = "marvel-comics/SupportFiles/Info.plist";
				INFOPLIST_KEY_UIApplicationSupportsIndirectInputEvents = YES;
				INFOPLIST_KEY_UILaunchStoryboardName = LaunchScreen;
				INFOPLIST_KEY_UIRequiredDeviceCapabilities = armv7;
				INFOPLIST_KEY_UISupportedInterfaceOrientations = UIInterfaceOrientationPortrait;
				INFOPLIST_KEY_UISupportedInterfaceOrientations_iPad = "UIInterfaceOrientationPortrait UIInterfaceOrientationPortraitUpsideDown UIInterfaceOrientationLandscapeLeft UIInterfaceOrientationLandscapeRight";
				INFOPLIST_KEY_UISupportedInterfaceOrientations_iPhone = "UIInterfaceOrientationPortrait UIInterfaceOrientationLandscapeLeft UIInterfaceOrientationLandscapeRight";
				LD_RUNPATH_SEARCH_PATHS = (
					"$(inherited)",
					"@executable_path/Frameworks",
				);
				MARKETING_VERSION = 1.0;
				PRODUCT_BUNDLE_IDENTIFIER = "com.duarte-bruno.marvel-comics";
				PRODUCT_NAME = "$(TARGET_NAME)";
				SWIFT_EMIT_LOC_STRINGS = YES;
				SWIFT_VERSION = 5.0;
				TARGETED_DEVICE_FAMILY = "1,2";
			};
			name = Debug;
		};
		75AEEFCC294148CE005B7ABD /* Release */ = {
			isa = XCBuildConfiguration;
			buildSettings = {
				ASSETCATALOG_COMPILER_APPICON_NAME = AppIcon;
				ASSETCATALOG_COMPILER_GLOBAL_ACCENT_COLOR_NAME = AccentColor;
				CODE_SIGN_STYLE = Automatic;
				CURRENT_PROJECT_VERSION = 1;
				DEVELOPMENT_TEAM = 8KR33X63ZD;
				GENERATE_INFOPLIST_FILE = YES;
				INFOPLIST_FILE = "marvel-comics/SupportFiles/Info.plist";
				INFOPLIST_KEY_UIApplicationSupportsIndirectInputEvents = YES;
				INFOPLIST_KEY_UILaunchStoryboardName = LaunchScreen;
				INFOPLIST_KEY_UIRequiredDeviceCapabilities = armv7;
				INFOPLIST_KEY_UISupportedInterfaceOrientations = UIInterfaceOrientationPortrait;
				INFOPLIST_KEY_UISupportedInterfaceOrientations_iPad = "UIInterfaceOrientationPortrait UIInterfaceOrientationPortraitUpsideDown UIInterfaceOrientationLandscapeLeft UIInterfaceOrientationLandscapeRight";
				INFOPLIST_KEY_UISupportedInterfaceOrientations_iPhone = "UIInterfaceOrientationPortrait UIInterfaceOrientationLandscapeLeft UIInterfaceOrientationLandscapeRight";
				LD_RUNPATH_SEARCH_PATHS = (
					"$(inherited)",
					"@executable_path/Frameworks",
				);
				MARKETING_VERSION = 1.0;
				PRODUCT_BUNDLE_IDENTIFIER = "com.duarte-bruno.marvel-comics";
				PRODUCT_NAME = "$(TARGET_NAME)";
				SWIFT_EMIT_LOC_STRINGS = YES;
				SWIFT_VERSION = 5.0;
				TARGETED_DEVICE_FAMILY = "1,2";
			};
			name = Release;
		};
		75AEEFCE294148CE005B7ABD /* Debug */ = {
			isa = XCBuildConfiguration;
			buildSettings = {
				ALWAYS_EMBED_SWIFT_STANDARD_LIBRARIES = YES;
				BUNDLE_LOADER = "$(TEST_HOST)";
				CODE_SIGN_STYLE = Automatic;
				CURRENT_PROJECT_VERSION = 1;
				DEVELOPMENT_TEAM = 8KR33X63ZD;
				GENERATE_INFOPLIST_FILE = YES;
				IPHONEOS_DEPLOYMENT_TARGET = 15.5;
				MARKETING_VERSION = 1.0;
				PRODUCT_BUNDLE_IDENTIFIER = "com.duarte-bruno.marvel-comicsTests";
				PRODUCT_NAME = "$(TARGET_NAME)";
				SWIFT_EMIT_LOC_STRINGS = NO;
				SWIFT_VERSION = 5.0;
				TARGETED_DEVICE_FAMILY = "1,2";
				TEST_HOST = "$(BUILT_PRODUCTS_DIR)/marvel-comics.app/marvel-comics";
			};
			name = Debug;
		};
		75AEEFCF294148CE005B7ABD /* Release */ = {
			isa = XCBuildConfiguration;
			buildSettings = {
				ALWAYS_EMBED_SWIFT_STANDARD_LIBRARIES = YES;
				BUNDLE_LOADER = "$(TEST_HOST)";
				CODE_SIGN_STYLE = Automatic;
				CURRENT_PROJECT_VERSION = 1;
				DEVELOPMENT_TEAM = 8KR33X63ZD;
				GENERATE_INFOPLIST_FILE = YES;
				IPHONEOS_DEPLOYMENT_TARGET = 15.5;
				MARKETING_VERSION = 1.0;
				PRODUCT_BUNDLE_IDENTIFIER = "com.duarte-bruno.marvel-comicsTests";
				PRODUCT_NAME = "$(TARGET_NAME)";
				SWIFT_EMIT_LOC_STRINGS = NO;
				SWIFT_VERSION = 5.0;
				TARGETED_DEVICE_FAMILY = "1,2";
				TEST_HOST = "$(BUILT_PRODUCTS_DIR)/marvel-comics.app/marvel-comics";
			};
			name = Release;
		};
/* End XCBuildConfiguration section */

/* Begin XCConfigurationList section */
		75AEEF9B294148CD005B7ABD /* Build configuration list for PBXProject "marvel-comics" */ = {
			isa = XCConfigurationList;
			buildConfigurations = (
				75AEEFC8294148CE005B7ABD /* Debug */,
				75AEEFC9294148CE005B7ABD /* Release */,
			);
			defaultConfigurationIsVisible = 0;
			defaultConfigurationName = Release;
		};
		75AEEFCA294148CE005B7ABD /* Build configuration list for PBXNativeTarget "marvel-comics" */ = {
			isa = XCConfigurationList;
			buildConfigurations = (
				75AEEFCB294148CE005B7ABD /* Debug */,
				75AEEFCC294148CE005B7ABD /* Release */,
			);
			defaultConfigurationIsVisible = 0;
			defaultConfigurationName = Release;
		};
		75AEEFCD294148CE005B7ABD /* Build configuration list for PBXNativeTarget "marvel-comicsTests" */ = {
			isa = XCConfigurationList;
			buildConfigurations = (
				75AEEFCE294148CE005B7ABD /* Debug */,
				75AEEFCF294148CE005B7ABD /* Release */,
			);
			defaultConfigurationIsVisible = 0;
			defaultConfigurationName = Release;
		};
/* End XCConfigurationList section */
	};
	rootObject = 75AEEF98294148CD005B7ABD /* Project object */;
}
